<Solution>
  <Folder Name="/src/">
    <Project Path="src/MemoryLens.Mcp/MemoryLens.Mcp.csproj" />
  </Folder>
  <Folder Name="/tests/">
    <Project Path="tests/MemoryLens.Mcp.Tests/MemoryLens.Mcp.Tests.csproj" />
    <Project Path="tests/MemoryLens.Mcp.TestSupport/MemoryLens.Mcp.TestSupport.csproj" />
    <Project Path="tests/MemoryLens.Mcp.IntegrationTests/MemoryLens.Mcp.IntegrationTests.csproj" />
  </Folder>
</Solution>
